// !$*UTF8*$!
{
	archiveVersion = 1;
	classes = {
	};
	objectVersion = 56;
	objects = {

/* Begin PBXBuildFile section */
		115024DC2B5EBE7F00A631B4 /* BadgeBackground.swift in Sources */ = {isa = PBXBuildFile; fileRef = 115024DB2B5EBE7F00A631B4 /* BadgeBackground.swift */; };
		11644F4C2B5C39A9009334ED /* HexagonParameters.swift in Sources */ = {isa = PBXBuildFile; fileRef = 11644F4B2B5C39A9009334ED /* HexagonParameters.swift */; };
		8B39BECA2B4482FE000DCAC0 /* CircleImage.swift in Sources */ = {isa = PBXBuildFile; fileRef = 8B39BEC92B4482FE000DCAC0 /* CircleImage.swift */; };
		8B50D71D2B5309AF0032B160 /* LandmarkDetail.swift in Sources */ = {isa = PBXBuildFile; fileRef = 8B50D71C2B5309AF0032B160 /* LandmarkDetail.swift */; };
		8B623C282B487D5E00698542 /* MapView.swift in Sources */ = {isa = PBXBuildFile; fileRef = 8B623C272B487D5E00698542 /* MapView.swift */; };
		8BAF3B542B51C716002ACECE /* LandmarkList.swift in Sources */ = {isa = PBXBuildFile; fileRef = 8BAF3B532B51C716002ACECE /* LandmarkList.swift */; };
		8BB6F03B2B599CB800093F66 /* FavoriteButton.swift in Sources */ = {isa = PBXBuildFile; fileRef = 8BB6F03A2B599CB800093F66 /* FavoriteButton.swift */; };
		8BC240152B433E9700948D61 /* LandMarkApp.swift in Sources */ = {isa = PBXBuildFile; fileRef = 8BC240142B433E9700948D61 /* LandMarkApp.swift */; };
		8BC240172B433E9700948D61 /* ContentView.swift in Sources */ = {isa = PBXBuildFile; fileRef = 8BC240162B433E9700948D61 /* ContentView.swift */; };
		8BC240192B433E9800948D61 /* Assets.xcassets in Resources */ = {isa = PBXBuildFile; fileRef = 8BC240182B433E9800948D61 /* Assets.xcassets */; };
		8BC2401C2B433E9800948D61 /* Preview Assets.xcassets in Resources */ = {isa = PBXBuildFile; fileRef = 8BC2401B2B433E9800948D61 /* Preview Assets.xcassets */; };
		8BC240262B433E9900948D61 /* LandMarkTests.swift in Sources */ = {isa = PBXBuildFile; fileRef = 8BC240252B433E9900948D61 /* LandMarkTests.swift */; };
		8BC240302B433E9900948D61 /* LandMarkUITests.swift in Sources */ = {isa = PBXBuildFile; fileRef = 8BC2402F2B433E9900948D61 /* LandMarkUITests.swift */; };
		8BC240322B433E9900948D61 /* LandMarkUITestsLaunchTests.swift in Sources */ = {isa = PBXBuildFile; fileRef = 8BC240312B433E9900948D61 /* LandMarkUITestsLaunchTests.swift */; };
		8BD509C22B4DD18B00098842 /* LandMarkRow.swift in Sources */ = {isa = PBXBuildFile; fileRef = 8BD509C12B4DD18B00098842 /* LandMarkRow.swift */; };
		8BD7EC422B49CF1D00C70A44 /* landmarkData.json in Resources */ = {isa = PBXBuildFile; fileRef = 8BD7EC412B49CF1D00C70A44 /* landmarkData.json */; };
		8BD7EC442B49CFBE00C70A44 /* LandMark.swift in Sources */ = {isa = PBXBuildFile; fileRef = 8BD7EC432B49CFBE00C70A44 /* LandMark.swift */; };
		8BD7EC462B49DA7600C70A44 /* ModelData.swift in Sources */ = {isa = PBXBuildFile; fileRef = 8BD7EC452B49DA7600C70A44 /* ModelData.swift */; };
/* End PBXBuildFile section */

/* Begin PBXContainerItemProxy section */
		8BC240222B433E9900948D61 /* PBXContainerItemProxy */ = {
			isa = PBXContainerItemProxy;
			containerPortal = 8BC240092B433E9700948D61 /* Project object */;
			proxyType = 1;
			remoteGlobalIDString = 8BC240102B433E9700948D61;
			remoteInfo = LandMark;
		};
		8BC2402C2B433E9900948D61 /* PBXContainerItemProxy */ = {
			isa = PBXContainerItemProxy;
			containerPortal = 8BC240092B433E9700948D61 /* Project object */;
			proxyType = 1;
			remoteGlobalIDString = 8BC240102B433E9700948D61;
			remoteInfo = LandMark;
		};
/* End PBXContainerItemProxy section */

/* Begin PBXFileReference section */
		115024DB2B5EBE7F00A631B4 /* BadgeBackground.swift */ = {isa = PBXFileReference; lastKnownFileType = sourcecode.swift; path = BadgeBackground.swift; sourceTree = "<group>"; };
		11644F4B2B5C39A9009334ED /* HexagonParameters.swift */ = {isa = PBXFileReference; lastKnownFileType = sourcecode.swift; path = HexagonParameters.swift; sourceTree = "<group>"; };
		8B39BEC92B4482FE000DCAC0 /* CircleImage.swift */ = {isa = PBXFileReference; lastKnownFileType = sourcecode.swift; path = CircleImage.swift; sourceTree = "<group>"; };
		8B50D71C2B5309AF0032B160 /* LandmarkDetail.swift */ = {isa = PBXFileReference; lastKnownFileType = sourcecode.swift; path = LandmarkDetail.swift; sourceTree = "<group>"; };
		8B623C272B487D5E00698542 /* MapView.swift */ = {isa = PBXFileReference; lastKnownFileType = sourcecode.swift; path = MapView.swift; sourceTree = "<group>"; };
		8BAF3B532B51C716002ACECE /* LandmarkList.swift */ = {isa = PBXFileReference; lastKnownFileType = sourcecode.swift; path = LandmarkList.swift; sourceTree = "<group>"; };
		8BB6F03A2B599CB800093F66 /* FavoriteButton.swift */ = {isa = PBXFileReference; lastKnownFileType = sourcecode.swift; path = FavoriteButton.swift; sourceTree = "<group>"; };
		8BC240112B433E9700948D61 /* LandMark.app */ = {isa = PBXFileReference; explicitFileType = wrapper.application; includeInIndex = 0; path = LandMark.app; sourceTree = BUILT_PRODUCTS_DIR; };
		8BC240142B433E9700948D61 /* LandMarkApp.swift */ = {isa = PBXFileReference; lastKnownFileType = sourcecode.swift; path = LandMarkApp.swift; sourceTree = "<group>"; };
		8BC240162B433E9700948D61 /* ContentView.swift */ = {isa = PBXFileReference; lastKnownFileType = sourcecode.swift; path = ContentView.swift; sourceTree = "<group>"; };
		8BC240182B433E9800948D61 /* Assets.xcassets */ = {isa = PBXFileReference; lastKnownFileType = folder.assetcatalog; path = Assets.xcassets; sourceTree = "<group>"; };
		8BC2401B2B433E9800948D61 /* Preview Assets.xcassets */ = {isa = PBXFileReference; lastKnownFileType = folder.assetcatalog; path = "Preview Assets.xcassets"; sourceTree = "<group>"; };
		8BC240212B433E9900948D61 /* LandMarkTests.xctest */ = {isa = PBXFileReference; explicitFileType = wrapper.cfbundle; includeInIndex = 0; path = LandMarkTests.xctest; sourceTree = BUILT_PRODUCTS_DIR; };
		8BC240252B433E9900948D61 /* LandMarkTests.swift */ = {isa = PBXFileReference; lastKnownFileType = sourcecode.swift; path = LandMarkTests.swift; sourceTree = "<group>"; };
		8BC2402B2B433E9900948D61 /* LandMarkUITests.xctest */ = {isa = PBXFileReference; explicitFileType = wrapper.cfbundle; includeInIndex = 0; path = LandMarkUITests.xctest; sourceTree = BUILT_PRODUCTS_DIR; };
		8BC2402F2B433E9900948D61 /* LandMarkUITests.swift */ = {isa = PBXFileReference; lastKnownFileType = sourcecode.swift; path = LandMarkUITests.swift; sourceTree = "<group>"; };
		8BC240312B433E9900948D61 /* LandMarkUITestsLaunchTests.swift */ = {isa = PBXFileReference; lastKnownFileType = sourcecode.swift; path = LandMarkUITestsLaunchTests.swift; sourceTree = "<group>"; };
		8BD509C12B4DD18B00098842 /* LandMarkRow.swift */ = {isa = PBXFileReference; lastKnownFileType = sourcecode.swift; path = LandMarkRow.swift; sourceTree = "<group>"; };
		8BD7EC412B49CF1D00C70A44 /* landmarkData.json */ = {isa = PBXFileReference; fileEncoding = 4; lastKnownFileType = text.json; path = landmarkData.json; sourceTree = "<group>"; };
		8BD7EC432B49CFBE00C70A44 /* LandMark.swift */ = {isa = PBXFileReference; lastKnownFileType = sourcecode.swift; path = LandMark.swift; sourceTree = "<group>"; };
		8BD7EC452B49DA7600C70A44 /* ModelData.swift */ = {isa = PBXFileReference; lastKnownFileType = sourcecode.swift; path = ModelData.swift; sourceTree = "<group>"; };
/* End PBXFileReference section */

/* Begin PBXFrameworksBuildPhase section */
		8BC2400E2B433E9700948D61 /* Frameworks */ = {
			isa = PBXFrameworksBuildPhase;
			buildActionMask = 2147483647;
			files = (
			);
			runOnlyForDeploymentPostprocessing = 0;
		};
		8BC2401E2B433E9900948D61 /* Frameworks */ = {
			isa = PBXFrameworksBuildPhase;
			buildActionMask = 2147483647;
			files = (
			);
			runOnlyForDeploymentPostprocessing = 0;
		};
		8BC240282B433E9900948D61 /* Frameworks */ = {
			isa = PBXFrameworksBuildPhase;
			buildActionMask = 2147483647;
			files = (
			);
			runOnlyForDeploymentPostprocessing = 0;
		};
/* End PBXFrameworksBuildPhase section */

/* Begin PBXGroup section */
		8BA549B42B4C7AB90045D7DA /* Model */ = {
			isa = PBXGroup;
			children = (
				8BD7EC452B49DA7600C70A44 /* ModelData.swift */,
				8BD7EC432B49CFBE00C70A44 /* LandMark.swift */,
				11644F4B2B5C39A9009334ED /* HexagonParameters.swift */,
				115024DB2B5EBE7F00A631B4 /* BadgeBackground.swift */,
			);
			path = Model;
			sourceTree = "<group>";
		};
		8BA549B52B4C7AF70045D7DA /* Views */ = {
			isa = PBXGroup;
			children = (
				8BC240162B433E9700948D61 /* ContentView.swift */,
				8BB6F03D2B59A16000093F66 /* Helper */,
				8BB6F03C2B59A14200093F66 /* Landmark */,
			);
			path = Views;
			sourceTree = "<group>";
		};
		8BA549B62B4C7B270045D7DA /* Resources */ = {
			isa = PBXGroup;
			children = (
				8BD7EC412B49CF1D00C70A44 /* landmarkData.json */,
			);
			path = Resources;
			sourceTree = "<group>";
		};
		8BB6F03C2B59A14200093F66 /* Landmark */ = {
			isa = PBXGroup;
			children = (
				8B50D71C2B5309AF0032B160 /* LandmarkDetail.swift */,
				8BD509C12B4DD18B00098842 /* LandMarkRow.swift */,
				8BAF3B532B51C716002ACECE /* LandmarkList.swift */,
			);
			path = Landmark;
			sourceTree = "<group>";
		};
		8BB6F03D2B59A16000093F66 /* Helper */ = {
			isa = PBXGroup;
			children = (
				8B39BEC92B4482FE000DCAC0 /* CircleImage.swift */,
				8BB6F03A2B599CB800093F66 /* FavoriteButton.swift */,
				8B623C272B487D5E00698542 /* MapView.swift */,
			);
			path = Helper;
			sourceTree = "<group>";
		};
		8BC240082B433E9700948D61 = {
			isa = PBXGroup;
			children = (
				8BC240132B433E9700948D61 /* LandMark */,
				8BC240242B433E9900948D61 /* LandMarkTests */,
				8BC2402E2B433E9900948D61 /* LandMarkUITests */,
				8BC240122B433E9700948D61 /* Products */,
			);
			sourceTree = "<group>";
		};
		8BC240122B433E9700948D61 /* Products */ = {
			isa = PBXGroup;
			children = (
				8BC240112B433E9700948D61 /* LandMark.app */,
				8BC240212B433E9900948D61 /* LandMarkTests.xctest */,
				8BC2402B2B433E9900948D61 /* LandMarkUITests.xctest */,
			);
			name = Products;
			sourceTree = "<group>";
		};
		8BC240132B433E9700948D61 /* LandMark */ = {
			isa = PBXGroup;
			children = (
				8BA549B62B4C7B270045D7DA /* Resources */,
				8BA549B42B4C7AB90045D7DA /* Model */,
				8BA549B52B4C7AF70045D7DA /* Views */,
				8BC240142B433E9700948D61 /* LandMarkApp.swift */,
				8BC240182B433E9800948D61 /* Assets.xcassets */,
				8BC2401A2B433E9800948D61 /* Preview Content */,
			);
			path = LandMark;
			sourceTree = "<group>";
		};
		8BC2401A2B433E9800948D61 /* Preview Content */ = {
			isa = PBXGroup;
			children = (
				8BC2401B2B433E9800948D61 /* Preview Assets.xcassets */,
			);
			path = "Preview Content";
			sourceTree = "<group>";
		};
		8BC240242B433E9900948D61 /* LandMarkTests */ = {
			isa = PBXGroup;
			children = (
				8BC240252B433E9900948D61 /* LandMarkTests.swift */,
			);
			path = LandMarkTests;
			sourceTree = "<group>";
		};
		8BC2402E2B433E9900948D61 /* LandMarkUITests */ = {
			isa = PBXGroup;
			children = (
				8BC2402F2B433E9900948D61 /* LandMarkUITests.swift */,
				8BC240312B433E9900948D61 /* LandMarkUITestsLaunchTests.swift */,
			);
			path = LandMarkUITests;
			sourceTree = "<group>";
		};
/* End PBXGroup section */

/* Begin PBXNativeTarget section */
		8BC240102B433E9700948D61 /* LandMark */ = {
			isa = PBXNativeTarget;
			buildConfigurationList = 8BC240352B433E9900948D61 /* Build configuration list for PBXNativeTarget "LandMark" */;
			buildPhases = (
				8BC2400D2B433E9700948D61 /* Sources */,
				8BC2400E2B433E9700948D61 /* Frameworks */,
				8BC2400F2B433E9700948D61 /* Resources */,
			);
			buildRules = (
			);
			dependencies = (
			);
			name = LandMark;
			productName = LandMark;
			productReference = 8BC240112B433E9700948D61 /* LandMark.app */;
			productType = "com.apple.product-type.application";
		};
		8BC240202B433E9900948D61 /* LandMarkTests */ = {
			isa = PBXNativeTarget;
			buildConfigurationList = 8BC240382B433E9900948D61 /* Build configuration list for PBXNativeTarget "LandMarkTests" */;
			buildPhases = (
				8BC2401D2B433E9900948D61 /* Sources */,
				8BC2401E2B433E9900948D61 /* Frameworks */,
				8BC2401F2B433E9900948D61 /* Resources */,
			);
			buildRules = (
			);
			dependencies = (
				8BC240232B433E9900948D61 /* PBXTargetDependency */,
			);
			name = LandMarkTests;
			productName = LandMarkTests;
			productReference = 8BC240212B433E9900948D61 /* LandMarkTests.xctest */;
			productType = "com.apple.product-type.bundle.unit-test";
		};
		8BC2402A2B433E9900948D61 /* LandMarkUITests */ = {
			isa = PBXNativeTarget;
			buildConfigurationList = 8BC2403B2B433E9900948D61 /* Build configuration list for PBXNativeTarget "LandMarkUITests" */;
			buildPhases = (
				8BC240272B433E9900948D61 /* Sources */,
				8BC240282B433E9900948D61 /* Frameworks */,
				8BC240292B433E9900948D61 /* Resources */,
			);
			buildRules = (
			);
			dependencies = (
				8BC2402D2B433E9900948D61 /* PBXTargetDependency */,
			);
			name = LandMarkUITests;
			productName = LandMarkUITests;
			productReference = 8BC2402B2B433E9900948D61 /* LandMarkUITests.xctest */;
			productType = "com.apple.product-type.bundle.ui-testing";
		};
/* End PBXNativeTarget section */

/* Begin PBXProject section */
		8BC240092B433E9700948D61 /* Project object */ = {
			isa = PBXProject;
			attributes = {
				BuildIndependentTargetsInParallel = 1;
				LastSwiftUpdateCheck = 1500;
				LastUpgradeCheck = 1500;
				TargetAttributes = {
					8BC240102B433E9700948D61 = {
						CreatedOnToolsVersion = 15.0;
					};
					8BC240202B433E9900948D61 = {
						CreatedOnToolsVersion = 15.0;
						TestTargetID = 8BC240102B433E9700948D61;
					};
					8BC2402A2B433E9900948D61 = {
						CreatedOnToolsVersion = 15.0;
						TestTargetID = 8BC240102B433E9700948D61;
					};
				};
			};
			buildConfigurationList = 8BC2400C2B433E9700948D61 /* Build configuration list for PBXProject "LandMark" */;
			compatibilityVersion = "Xcode 14.0";
			developmentRegion = en;
			hasScannedForEncodings = 0;
			knownRegions = (
				en,
				Base,
			);
			mainGroup = 8BC240082B433E9700948D61;
			productRefGroup = 8BC240122B433E9700948D61 /* Products */;
			projectDirPath = "";
			projectRoot = "";
			targets = (
				8BC240102B433E9700948D61 /* LandMark */,
				8BC240202B433E9900948D61 /* LandMarkTests */,
				8BC2402A2B433E9900948D61 /* LandMarkUITests */,
			);
		};
/* End PBXProject section */

/* Begin PBXResourcesBuildPhase section */
		8BC2400F2B433E9700948D61 /* Resources */ = {
			isa = PBXResourcesBuildPhase;
			buildActionMask = 2147483647;
			files = (
				8BC2401C2B433E9800948D61 /* Preview Assets.xcassets in Resources */,
				8BC240192B433E9800948D61 /* Assets.xcassets in Resources */,
				8BD7EC422B49CF1D00C70A44 /* landmarkData.json in Resources */,
			);
			runOnlyForDeploymentPostprocessing = 0;
		};
		8BC2401F2B433E9900948D61 /* Resources */ = {
			isa = PBXResourcesBuildPhase;
			buildActionMask = 2147483647;
			files = (
			);
			runOnlyForDeploymentPostprocessing = 0;
		};
		8BC240292B433E9900948D61 /* Resources */ = {
			isa = PBXResourcesBuildPhase;
			buildActionMask = 2147483647;
			files = (
			);
			runOnlyForDeploymentPostprocessing = 0;
		};
/* End PBXResourcesBuildPhase section */

/* Begin PBXSourcesBuildPhase section */
		8BC2400D2B433E9700948D61 /* Sources */ = {
			isa = PBXSourcesBuildPhase;
			buildActionMask = 2147483647;
			files = (
				8BC240172B433E9700948D61 /* ContentView.swift in Sources */,
				8BD509C22B4DD18B00098842 /* LandMarkRow.swift in Sources */,
				11644F4C2B5C39A9009334ED /* HexagonParameters.swift in Sources */,
				8BD7EC442B49CFBE00C70A44 /* LandMark.swift in Sources */,
				8BB6F03B2B599CB800093F66 /* FavoriteButton.swift in Sources */,
				8BAF3B542B51C716002ACECE /* LandmarkList.swift in Sources */,
				8B50D71D2B5309AF0032B160 /* LandmarkDetail.swift in Sources */,
				115024DC2B5EBE7F00A631B4 /* BadgeBackground.swift in Sources */,
				8B623C282B487D5E00698542 /* MapView.swift in Sources */,
				8BC240152B433E9700948D61 /* LandMarkApp.swift in Sources */,
				8B39BECA2B4482FE000DCAC0 /* CircleImage.swift in Sources */,
				8BD7EC462B49DA7600C70A44 /* ModelData.swift in Sources */,
			);
			runOnlyForDeploymentPostprocessing = 0;
		};
		8BC2401D2B433E9900948D61 /* Sources */ = {
			isa = PBXSourcesBuildPhase;
			buildActionMask = 2147483647;
			files = (
				8BC240262B433E9900948D61 /* LandMarkTests.swift in Sources */,
			);
			runOnlyForDeploymentPostprocessing = 0;
		};
		8BC240272B433E9900948D61 /* Sources */ = {
			isa = PBXSourcesBuildPhase;
			buildActionMask = 2147483647;
			files = (
				8BC240322B433E9900948D61 /* LandMarkUITestsLaunchTests.swift in Sources */,
				8BC240302B433E9900948D61 /* LandMarkUITests.swift in Sources */,
			);
			runOnlyForDeploymentPostprocessing = 0;
		};
/* End PBXSourcesBuildPhase section */

/* Begin PBXTargetDependency section */
		8BC240232B433E9900948D61 /* PBXTargetDependency */ = {
			isa = PBXTargetDependency;
			target = 8BC240102B433E9700948D61 /* LandMark */;
			targetProxy = 8BC240222B433E9900948D61 /* PBXContainerItemProxy */;
		};
		8BC2402D2B433E9900948D61 /* PBXTargetDependency */ = {
			isa = PBXTargetDependency;
			target = 8BC240102B433E9700948D61 /* LandMark */;
			targetProxy = 8BC2402C2B433E9900948D61 /* PBXContainerItemProxy */;
		};
/* End PBXTargetDependency section */

/* Begin XCBuildConfiguration section */
		8BC240332B433E9900948D61 /* Debug */ = {
			isa = XCBuildConfiguration;
			buildSettings = {
				ALWAYS_SEARCH_USER_PATHS = NO;
				ASSETCATALOG_COMPILER_GENERATE_SWIFT_ASSET_SYMBOL_EXTENSIONS = YES;
				CLANG_ANALYZER_NONNULL = YES;
				CLANG_ANALYZER_NUMBER_OBJECT_CONVERSION = YES_AGGRESSIVE;
				CLANG_CXX_LANGUAGE_STANDARD = "gnu++20";
				CLANG_ENABLE_MODULES = YES;
				CLANG_ENABLE_OBJC_ARC = YES;
				CLANG_ENABLE_OBJC_WEAK = YES;
				CLANG_WARN_BLOCK_CAPTURE_AUTORELEASING = YES;
				CLANG_WARN_BOOL_CONVERSION = YES;
				CLANG_WARN_COMMA = YES;
				CLANG_WARN_CONSTANT_CONVERSION = YES;
				CLANG_WARN_DEPRECATED_OBJC_IMPLEMENTATIONS = YES;
				CLANG_WARN_DIRECT_OBJC_ISA_USAGE = YES_ERROR;
				CLANG_WARN_DOCUMENTATION_COMMENTS = YES;
				CLANG_WARN_EMPTY_BODY = YES;
				CLANG_WARN_ENUM_CONVERSION = YES;
				CLANG_WARN_INFINITE_RECURSION = YES;
				CLANG_WARN_INT_CONVERSION = YES;
				CLANG_WARN_NON_LITERAL_NULL_CONVERSION = YES;
				CLANG_WARN_OBJC_IMPLICIT_RETAIN_SELF = YES;
				CLANG_WARN_OBJC_LITERAL_CONVERSION = YES;
				CLANG_WARN_OBJC_ROOT_CLASS = YES_ERROR;
				CLANG_WARN_QUOTED_INCLUDE_IN_FRAMEWORK_HEADER = YES;
				CLANG_WARN_RANGE_LOOP_ANALYSIS = YES;
				CLANG_WARN_STRICT_PROTOTYPES = YES;
				CLANG_WARN_SUSPICIOUS_MOVE = YES;
				CLANG_WARN_UNGUARDED_AVAILABILITY = YES_AGGRESSIVE;
				CLANG_WARN_UNREACHABLE_CODE = YES;
				CLANG_WARN__DUPLICATE_METHOD_MATCH = YES;
				COPY_PHASE_STRIP = NO;
				DEBUG_INFORMATION_FORMAT = dwarf;
				ENABLE_STRICT_OBJC_MSGSEND = YES;
				ENABLE_TESTABILITY = YES;
				ENABLE_USER_SCRIPT_SANDBOXING = YES;
				GCC_C_LANGUAGE_STANDARD = gnu17;
				GCC_DYNAMIC_NO_PIC = NO;
				GCC_NO_COMMON_BLOCKS = YES;
				GCC_OPTIMIZATION_LEVEL = 0;
				GCC_PREPROCESSOR_DEFINITIONS = (
					"DEBUG=1",
					"$(inherited)",
				);
				GCC_WARN_64_TO_32_BIT_CONVERSION = YES;
				GCC_WARN_ABOUT_RETURN_TYPE = YES_ERROR;
				GCC_WARN_UNDECLARED_SELECTOR = YES;
				GCC_WARN_UNINITIALIZED_AUTOS = YES_AGGRESSIVE;
				GCC_WARN_UNUSED_FUNCTION = YES;
				GCC_WARN_UNUSED_VARIABLE = YES;
				IPHONEOS_DEPLOYMENT_TARGET = 17.0;
				LOCALIZATION_PREFERS_STRING_CATALOGS = YES;
				MTL_ENABLE_DEBUG_INFO = INCLUDE_SOURCE;
				MTL_FAST_MATH = YES;
				ONLY_ACTIVE_ARCH = YES;
				SDKROOT = iphoneos;
				SWIFT_ACTIVE_COMPILATION_CONDITIONS = "DEBUG $(inherited)";
				SWIFT_OPTIMIZATION_LEVEL = "-Onone";
			};
			name = Debug;
		};
		8BC240342B433E9900948D61 /* Release */ = {
			isa = XCBuildConfiguration;
			buildSettings = {
				ALWAYS_SEARCH_USER_PATHS = NO;
				ASSETCATALOG_COMPILER_GENERATE_SWIFT_ASSET_SYMBOL_EXTENSIONS = YES;
				CLANG_ANALYZER_NONNULL = YES;
				CLANG_ANALYZER_NUMBER_OBJECT_CONVERSION = YES_AGGRESSIVE;
				CLANG_CXX_LANGUAGE_STANDARD = "gnu++20";
				CLANG_ENABLE_MODULES = YES;
				CLANG_ENABLE_OBJC_ARC = YES;
				CLANG_ENABLE_OBJC_WEAK = YES;
				CLANG_WARN_BLOCK_CAPTURE_AUTORELEASING = YES;
				CLANG_WARN_BOOL_CONVERSION = YES;
				CLANG_WARN_COMMA = YES;
				CLANG_WARN_CONSTANT_CONVERSION = YES;
				CLANG_WARN_DEPRECATED_OBJC_IMPLEMENTATIONS = YES;
				CLANG_WARN_DIRECT_OBJC_ISA_USAGE = YES_ERROR;
				CLANG_WARN_DOCUMENTATION_COMMENTS = YES;
				CLANG_WARN_EMPTY_BODY = YES;
				CLANG_WARN_ENUM_CONVERSION = YES;
				CLANG_WARN_INFINITE_RECURSION = YES;
				CLANG_WARN_INT_CONVERSION = YES;
				CLANG_WARN_NON_LITERAL_NULL_CONVERSION = YES;
				CLANG_WARN_OBJC_IMPLICIT_RETAIN_SELF = YES;
				CLANG_WARN_OBJC_LITERAL_CONVERSION = YES;
				CLANG_WARN_OBJC_ROOT_CLASS = YES_ERROR;
				CLANG_WARN_QUOTED_INCLUDE_IN_FRAMEWORK_HEADER = YES;
				CLANG_WARN_RANGE_LOOP_ANALYSIS = YES;
				CLANG_WARN_STRICT_PROTOTYPES = YES;
				CLANG_WARN_SUSPICIOUS_MOVE = YES;
				CLANG_WARN_UNGUARDED_AVAILABILITY = YES_AGGRESSIVE;
				CLANG_WARN_UNREACHABLE_CODE = YES;
				CLANG_WARN__DUPLICATE_METHOD_MATCH = YES;
				COPY_PHASE_STRIP = NO;
				DEBUG_INFORMATION_FORMAT = "dwarf-with-dsym";
				ENABLE_NS_ASSERTIONS = NO;
				ENABLE_STRICT_OBJC_MSGSEND = YES;
				ENABLE_USER_SCRIPT_SANDBOXING = YES;
				GCC_C_LANGUAGE_STANDARD = gnu17;
				GCC_NO_COMMON_BLOCKS = YES;
				GCC_WARN_64_TO_32_BIT_CONVERSION = YES;
				GCC_WARN_ABOUT_RETURN_TYPE = YES_ERROR;
				GCC_WARN_UNDECLARED_SELECTOR = YES;
				GCC_WARN_UNINITIALIZED_AUTOS = YES_AGGRESSIVE;
				GCC_WARN_UNUSED_FUNCTION = YES;
				GCC_WARN_UNUSED_VARIABLE = YES;
				IPHONEOS_DEPLOYMENT_TARGET = 17.0;
				LOCALIZATION_PREFERS_STRING_CATALOGS = YES;
				MTL_ENABLE_DEBUG_INFO = NO;
				MTL_FAST_MATH = YES;
				SDKROOT = iphoneos;
				SWIFT_COMPILATION_MODE = wholemodule;
				VALIDATE_PRODUCT = YES;
			};
			name = Release;
		};
		8BC240362B433E9900948D61 /* Debug */ = {
			isa = XCBuildConfiguration;
			buildSettings = {
				ASSETCATALOG_COMPILER_APPICON_NAME = AppIcon;
				ASSETCATALOG_COMPILER_GLOBAL_ACCENT_COLOR_NAME = AccentColor;
				CODE_SIGN_STYLE = Automatic;
				CURRENT_PROJECT_VERSION = 1;
				DEVELOPMENT_ASSET_PATHS = "\"LandMark/Preview Content\"";
				ENABLE_PREVIEWS = YES;
				GENERATE_INFOPLIST_FILE = YES;
				INFOPLIST_KEY_UIApplicationSceneManifest_Generation = YES;
				INFOPLIST_KEY_UIApplicationSupportsIndirectInputEvents = YES;
				INFOPLIST_KEY_UILaunchScreen_Generation = YES;
				INFOPLIST_KEY_UISupportedInterfaceOrientations_iPad = "UIInterfaceOrientationPortrait UIInterfaceOrientationPortraitUpsideDown UIInterfaceOrientationLandscapeLeft UIInterfaceOrientationLandscapeRight";
				INFOPLIST_KEY_UISupportedInterfaceOrientations_iPhone = "UIInterfaceOrientationPortrait UIInterfaceOrientationLandscapeLeft UIInterfaceOrientationLandscapeRight";
				LD_RUNPATH_SEARCH_PATHS = (
					"$(inherited)",
					"@executable_path/Frameworks",
				);
				MARKETING_VERSION = 1.0;
				PRODUCT_BUNDLE_IDENTIFIER = com.app.LandMark;
				PRODUCT_NAME = "$(TARGET_NAME)";
				SWIFT_EMIT_LOC_STRINGS = YES;
				SWIFT_VERSION = 5.0;
				TARGETED_DEVICE_FAMILY = "1,2";
			};
			name = Debug;
		};
		8BC240372B433E9900948D61 /* Release */ = {
			isa = XCBuildConfiguration;
			buildSettings = {
				ASSETCATALOG_COMPILER_APPICON_NAME = AppIcon;
				ASSETCATALOG_COMPILER_GLOBAL_ACCENT_COLOR_NAME = AccentColor;
				CODE_SIGN_STYLE = Automatic;
				CURRENT_PROJECT_VERSION = 1;
				DEVELOPMENT_ASSET_PATHS = "\"LandMark/Preview Content\"";
				ENABLE_PREVIEWS = YES;
				GENERATE_INFOPLIST_FILE = YES;
				INFOPLIST_KEY_UIApplicationSceneManifest_Generation = YES;
				INFOPLIST_KEY_UIApplicationSupportsIndirectInputEvents = YES;
				INFOPLIST_KEY_UILaunchScreen_Generation = YES;
				INFOPLIST_KEY_UISupportedInterfaceOrientations_iPad = "UIInterfaceOrientationPortrait UIInterfaceOrientationPortraitUpsideDown UIInterfaceOrientationLandscapeLeft UIInterfaceOrientationLandscapeRight";
				INFOPLIST_KEY_UISupportedInterfaceOrientations_iPhone = "UIInterfaceOrientationPortrait UIInterfaceOrientationLandscapeLeft UIInterfaceOrientationLandscapeRight";
				LD_RUNPATH_SEARCH_PATHS = (
					"$(inherited)",
					"@executable_path/Frameworks",
				);
				MARKETING_VERSION = 1.0;
				PRODUCT_BUNDLE_IDENTIFIER = com.app.LandMark;
				PRODUCT_NAME = "$(TARGET_NAME)";
				SWIFT_EMIT_LOC_STRINGS = YES;
				SWIFT_VERSION = 5.0;
				TARGETED_DEVICE_FAMILY = "1,2";
			};
			name = Release;
		};
		8BC240392B433E9900948D61 /* Debug */ = {
			isa = XCBuildConfiguration;
			buildSettings = {
				ALWAYS_EMBED_SWIFT_STANDARD_LIBRARIES = YES;
				BUNDLE_LOADER = "$(TEST_HOST)";
				CODE_SIGN_STYLE = Automatic;
				CURRENT_PROJECT_VERSION = 1;
				GENERATE_INFOPLIST_FILE = YES;
				IPHONEOS_DEPLOYMENT_TARGET = 17.0;
				MARKETING_VERSION = 1.0;
				PRODUCT_BUNDLE_IDENTIFIER = com.app.LandMarkTests;
				PRODUCT_NAME = "$(TARGET_NAME)";
				SWIFT_EMIT_LOC_STRINGS = NO;
				SWIFT_VERSION = 5.0;
				TARGETED_DEVICE_FAMILY = "1,2";
				TEST_HOST = "$(BUILT_PRODUCTS_DIR)/LandMark.app/$(BUNDLE_EXECUTABLE_FOLDER_PATH)/LandMark";
			};
			name = Debug;
		};
		8BC2403A2B433E9900948D61 /* Release */ = {
			isa = XCBuildConfiguration;
			buildSettings = {
				ALWAYS_EMBED_SWIFT_STANDARD_LIBRARIES = YES;
				BUNDLE_LOADER = "$(TEST_HOST)";
				CODE_SIGN_STYLE = Automatic;
				CURRENT_PROJECT_VERSION = 1;
				GENERATE_INFOPLIST_FILE = YES;
				IPHONEOS_DEPLOYMENT_TARGET = 17.0;
				MARKETING_VERSION = 1.0;
				PRODUCT_BUNDLE_IDENTIFIER = com.app.LandMarkTests;
				PRODUCT_NAME = "$(TARGET_NAME)";
				SWIFT_EMIT_LOC_STRINGS = NO;
				SWIFT_VERSION = 5.0;
				TARGETED_DEVICE_FAMILY = "1,2";
				TEST_HOST = "$(BUILT_PRODUCTS_DIR)/LandMark.app/$(BUNDLE_EXECUTABLE_FOLDER_PATH)/LandMark";
			};
			name = Release;
		};
		8BC2403C2B433E9900948D61 /* Debug */ = {
			isa = XCBuildConfiguration;
			buildSettings = {
				ALWAYS_EMBED_SWIFT_STANDARD_LIBRARIES = YES;
				CODE_SIGN_STYLE = Automatic;
				CURRENT_PROJECT_VERSION = 1;
				GENERATE_INFOPLIST_FILE = YES;
				MARKETING_VERSION = 1.0;
				PRODUCT_BUNDLE_IDENTIFIER = com.app.LandMarkUITests;
				PRODUCT_NAME = "$(TARGET_NAME)";
				SWIFT_EMIT_LOC_STRINGS = NO;
				SWIFT_VERSION = 5.0;
				TARGETED_DEVICE_FAMILY = "1,2";
				TEST_TARGET_NAME = LandMark;
			};
			name = Debug;
		};
		8BC2403D2B433E9900948D61 /* Release */ = {
			isa = XCBuildConfiguration;
			buildSettings = {
				ALWAYS_EMBED_SWIFT_STANDARD_LIBRARIES = YES;
				CODE_SIGN_STYLE = Automatic;
				CURRENT_PROJECT_VERSION = 1;
				GENERATE_INFOPLIST_FILE = YES;
				MARKETING_VERSION = 1.0;
				PRODUCT_BUNDLE_IDENTIFIER = com.app.LandMarkUITests;
				PRODUCT_NAME = "$(TARGET_NAME)";
				SWIFT_EMIT_LOC_STRINGS = NO;
				SWIFT_VERSION = 5.0;
				TARGETED_DEVICE_FAMILY = "1,2";
				TEST_TARGET_NAME = LandMark;
			};
			name = Release;
		};
/* End XCBuildConfiguration section */

/* Begin XCConfigurationList section */
		8BC2400C2B433E9700948D61 /* Build configuration list for PBXProject "LandMark" */ = {
			isa = XCConfigurationList;
			buildConfigurations = (
				8BC240332B433E9900948D61 /* Debug */,
				8BC240342B433E9900948D61 /* Release */,
			);
			defaultConfigurationIsVisible = 0;
			defaultConfigurationName = Release;
		};
		8BC240352B433E9900948D61 /* Build configuration list for PBXNativeTarget "LandMark" */ = {
			isa = XCConfigurationList;
			buildConfigurations = (
				8BC240362B433E9900948D61 /* Debug */,
				8BC240372B433E9900948D61 /* Release */,
			);
			defaultConfigurationIsVisible = 0;
			defaultConfigurationName = Release;
		};
		8BC240382B433E9900948D61 /* Build configuration list for PBXNativeTarget "LandMarkTests" */ = {
			isa = XCConfigurationList;
			buildConfigurations = (
				8BC240392B433E9900948D61 /* Debug */,
				8BC2403A2B433E9900948D61 /* Release */,
			);
			defaultConfigurationIsVisible = 0;
			defaultConfigurationName = Release;
		};
		8BC2403B2B433E9900948D61 /* Build configuration list for PBXNativeTarget "LandMarkUITests" */ = {
			isa = XCConfigurationList;
			buildConfigurations = (
				8BC2403C2B433E9900948D61 /* Debug */,
				8BC2403D2B433E9900948D61 /* Release */,
			);
			defaultConfigurationIsVisible = 0;
			defaultConfigurationName = Release;
		};
/* End XCConfigurationList section */
	};
	rootObject = 8BC240092B433E9700948D61 /* Project object */;
}
